PODS:
  - CatalogByConvention (2.0.0)
  - IndefiniteObservable/examples (3.1.0):
    - IndefiniteObservable/lib
  - IndefiniteObservable/lib (3.1.0)

DEPENDENCIES:
  - CatalogByConvention
  - IndefiniteObservable/examples (from `./`)
  - IndefiniteObservable/lib (from `./`)

EXTERNAL SOURCES:
  IndefiniteObservable:
    :path: "./"

SPEC CHECKSUMS:
  CatalogByConvention: be55c2263132e4f9f59299ac8a528ee8715b3275
  IndefiniteObservable: 8dd88933eb00b0186cdcc665692beba53da34f44

PODFILE CHECKSUM: 3e4cdba95901e07a289159f0c5a8b830ecb1a5c8

COCOAPODS: 1.1.1
