PODS:
  - CatalogByConvention (2.4.1)
  - IndefiniteObservable/examples (4.0.0):
    - IndefiniteObservable/lib
  - IndefiniteObservable/lib (4.0.0)

DEPENDENCIES:
  - CatalogByConvention
  - IndefiniteObservable/examples (from `./`)
  - IndefiniteObservable/lib (from `./`)

EXTERNAL SOURCES:
  IndefiniteObservable:
    :path: ./

SPEC CHECKSUMS:
  CatalogByConvention: 16cd56d7e75b816e4eda0d62f9c5f0c82da8baff
  IndefiniteObservable: 6e9d65f6b0a65357b2b344b5f9809fff5925dea0

PODFILE CHECKSUM: 95d04cd530f3d5430657f444d9bab624523a823c

COCOAPODS: 1.4.0
